
Microsoft Visual Studio Solution File, Format Version 12.00
# Visual Studio Version 17
VisualStudioVersion = 17.0.31919.166
MinimumVisualStudioVersion = 10.0.40219.1
Project("{FAE04EC0-301F-11D3-BF4B-00C04F79EFBC}") = "SvgConverter", "SvgConverter\SvgConverter.csproj", "{35D7B469-2543-442E-AAE8-C0962368196E}"
EndProject
Project("{FAE04EC0-301F-11D3-BF4B-00C04F79EFBC}") = "SvgToXaml", "SvgToXaml\SvgToXaml.csproj", "{89746A06-1776-4B9E-95E2-150C4D4F3D10}"
EndProject
Project("{9A19103F-16F7-4668-BE54-9A1E7A4F7556}") = "IconResources", "IconResources\IconResources.csproj", "{3BC1A045-5D6F-4568-84A8-37A69EB11C7E}"
EndProject
Project("{9A19103F-16F7-4668-BE54-9A1E7A4F7556}") = "WpfDemoApp", "WpfDemoApp\WpfDemoApp.csproj", "{BCF1F62C-90F1-4B0D-BB48-ADD4AFFA38DF}"
EndProject
Global
	GlobalSection(SolutionConfigurationPlatforms) = preSolution
		Debug|Any CPU = Debug|Any CPU
		Release|Any CPU = Release|Any CPU
	EndGlobalSection
	GlobalSection(ProjectConfigurationPlatforms) = postSolution
		{35D7B469-2543-442E-AAE8-C0962368196E}.Debug|Any CPU.ActiveCfg = Debug|Any CPU
		{35D7B469-2543-442E-AAE8-C0962368196E}.Debug|Any CPU.Build.0 = Debug|Any CPU
		{35D7B469-2543-442E-AAE8-C0962368196E}.Release|Any CPU.ActiveCfg = Release|Any CPU
		{35D7B469-2543-442E-AAE8-C0962368196E}.Release|Any CPU.Build.0 = Release|Any CPU
		{89746A06-1776-4B9E-95E2-150C4D4F3D10}.Debug|Any CPU.ActiveCfg = Debug|Any CPU
		{89746A06-1776-4B9E-95E2-150C4D4F3D10}.Debug|Any CPU.Build.0 = Debug|Any CPU
		{89746A06-1776-4B9E-95E2-150C4D4F3D10}.Release|Any CPU.ActiveCfg = Release|Any CPU
		{89746A06-1776-4B9E-95E2-150C4D4F3D10}.Release|Any CPU.Build.0 = Release|Any CPU
		{3BC1A045-5D6F-4568-84A8-37A69EB11C7E}.Debug|Any CPU.ActiveCfg = Debug|Any CPU
		{3BC1A045-5D6F-4568-84A8-37A69EB11C7E}.Debug|Any CPU.Build.0 = Debug|Any CPU
		{3BC1A045-5D6F-4568-84A8-37A69EB11C7E}.Release|Any CPU.ActiveCfg = Release|Any CPU
		{3BC1A045-5D6F-4568-84A8-37A69EB11C7E}.Release|Any CPU.Build.0 = Release|Any CPU
		{BCF1F62C-90F1-4B0D-BB48-ADD4AFFA38DF}.Debug|Any CPU.ActiveCfg = Debug|Any CPU
		{BCF1F62C-90F1-4B0D-BB48-ADD4AFFA38DF}.Debug|Any CPU.Build.0 = Debug|Any CPU
		{BCF1F62C-90F1-4B0D-BB48-ADD4AFFA38DF}.Release|Any CPU.ActiveCfg = Release|Any CPU
		{BCF1F62C-90F1-4B0D-BB48-ADD4AFFA38DF}.Release|Any CPU.Build.0 = Release|Any CPU
	EndGlobalSection
	GlobalSection(SolutionProperties) = preSolution
		HideSolutionNode = FALSE
	EndGlobalSection
	GlobalSection(ExtensibilityGlobals) = postSolution
		SolutionGuid = {7CC75100-A745-482C-A488-AB5BCD927101}
	EndGlobalSection
EndGlobal
